// !$*UTF8*$!
{
	archiveVersion = 1;
	classes = {
	};
	objectVersion = 56;
	objects = {

/* Begin PBXBuildFile section */
		181BD84D296EC97E00751EE8 /* CombineSchedulers in Frameworks */ = {isa = PBXBuildFile; productRef = 181BD84C296EC97E00751EE8 /* CombineSchedulers */; };
		18206EF3293CC13A00ED1420 /* SensorReaderApp.swift in Sources */ = {isa = PBXBuildFile; fileRef = 18206EF2293CC13A00ED1420 /* SensorReaderApp.swift */; };
		18206EF7293CC13B00ED1420 /* Assets.xcassets in Resources */ = {isa = PBXBuildFile; fileRef = 18206EF6293CC13B00ED1420 /* Assets.xcassets */; };
		18206EFB293CC13B00ED1420 /* Preview Assets.xcassets in Resources */ = {isa = PBXBuildFile; fileRef = 18206EFA293CC13B00ED1420 /* Preview Assets.xcassets */; };
		18206F2B293CF59600ED1420 /* ReadingsList.swift in Sources */ = {isa = PBXBuildFile; fileRef = 18206F2A293CF59600ED1420 /* ReadingsList.swift */; };
		18206F2D293D15F500ED1420 /* HomeView.swift in Sources */ = {isa = PBXBuildFile; fileRef = 18206F2C293D15F500ED1420 /* HomeView.swift */; };
		18206F2F293D1E7200ED1420 /* DashboardView.swift in Sources */ = {isa = PBXBuildFile; fileRef = 18206F2E293D1E7200ED1420 /* DashboardView.swift */; };
		1837EBFB294369BD0045CC4E /* DashboardViewModel.swift in Sources */ = {isa = PBXBuildFile; fileRef = 1837EBFA294369BD0045CC4E /* DashboardViewModel.swift */; };
		1837EBFE29436BA00045CC4E /* Preview+Mocks.swift in Sources */ = {isa = PBXBuildFile; fileRef = 1837EBFD29436BA00045CC4E /* Preview+Mocks.swift */; };
		1837EC0029439DD30045CC4E /* ViewModelState.swift in Sources */ = {isa = PBXBuildFile; fileRef = 1837EBFF29439DD30045CC4E /* ViewModelState.swift */; };
		1837EC0229439E1A0045CC4E /* ReadingModel.swift in Sources */ = {isa = PBXBuildFile; fileRef = 1837EC0129439E1A0045CC4E /* ReadingModel.swift */; };
		1837EC05294461110045CC4E /* FavoritesProviding.swift in Sources */ = {isa = PBXBuildFile; fileRef = 1837EC04294461110045CC4E /* FavoritesProviding.swift */; };
		1837EC09294461850045CC4E /* FavoritesUseCaseTests.swift in Sources */ = {isa = PBXBuildFile; fileRef = 1837EC08294461850045CC4E /* FavoritesUseCaseTests.swift */; };
		1837EC0B294465670045CC4E /* MockPersistenceStore.swift in Sources */ = {isa = PBXBuildFile; fileRef = 1837EC0A294465670045CC4E /* MockPersistenceStore.swift */; };
		1837EC0D2945C1170045CC4E /* FavoritesUseCase.swift in Sources */ = {isa = PBXBuildFile; fileRef = 1837EC0C2945C1170045CC4E /* FavoritesUseCase.swift */; };
		1865AC97295F7522004BF767 /* ReadingsListcell.swift in Sources */ = {isa = PBXBuildFile; fileRef = 1865AC96295F7522004BF767 /* ReadingsListcell.swift */; };
		1865ACB5296858BC004BF767 /* CompositionRoot.swift in Sources */ = {isa = PBXBuildFile; fileRef = 1865ACB4296858BC004BF767 /* CompositionRoot.swift */; };
		1865ACB729685CDC004BF767 /* SettingsView.swift in Sources */ = {isa = PBXBuildFile; fileRef = 1865ACB629685CDC004BF767 /* SettingsView.swift */; };
		1865ACB929685DCF004BF767 /* SettingsViewModel.swift in Sources */ = {isa = PBXBuildFile; fileRef = 1865ACB829685DCF004BF767 /* SettingsViewModel.swift */; };
		186C774F29473FA00076AE14 /* Recorder.swift in Sources */ = {isa = PBXBuildFile; fileRef = 186C774E29473FA00076AE14 /* Recorder.swift */; };
		18733FB929704C2900ECF800 /* SensorReaderKit in Frameworks */ = {isa = PBXBuildFile; productRef = 18733FB829704C2900ECF800 /* SensorReaderKit */; };
		187F4C91294259AC00F585B1 /* ReadingProviding.swift in Sources */ = {isa = PBXBuildFile; fileRef = 187F4C90294259AC00F585B1 /* ReadingProviding.swift */; };
		187F4C9429425E3D00F585B1 /* ReadingsListViewModel.swift in Sources */ = {isa = PBXBuildFile; fileRef = 187F4C9329425E3D00F585B1 /* ReadingsListViewModel.swift */; };
		18C1F8B62942420400ACCF4B /* ReadingsUseCase.swift in Sources */ = {isa = PBXBuildFile; fileRef = 18C1F8B52942420400ACCF4B /* ReadingsUseCase.swift */; };
		18C1F8C529424B2300ACCF4B /* ReadingsUseCaseTests.swift in Sources */ = {isa = PBXBuildFile; fileRef = 18C1F8C429424B2300ACCF4B /* ReadingsUseCaseTests.swift */; };
		18C1F8C829424B5200ACCF4B /* MockSensorReader.swift in Sources */ = {isa = PBXBuildFile; fileRef = 18C1F8C729424B5200ACCF4B /* MockSensorReader.swift */; };
		18CD7F69295D871500DEE5E8 /* UserDefaultsStore.swift in Sources */ = {isa = PBXBuildFile; fileRef = 18CD7F68295D871500DEE5E8 /* UserDefaultsStore.swift */; };
		18CD7F6B295DFBA400DEE5E8 /* ReadingModelTests.swift in Sources */ = {isa = PBXBuildFile; fileRef = 18CD7F6A295DFBA400DEE5E8 /* ReadingModelTests.swift */; };
/* End PBXBuildFile section */

/* Begin PBXContainerItemProxy section */
		18C1F8BF29424B0100ACCF4B /* PBXContainerItemProxy */ = {
			isa = PBXContainerItemProxy;
			containerPortal = 18206EE7293CC13A00ED1420 /* Project object */;
			proxyType = 1;
			remoteGlobalIDString = 18206EEE293CC13A00ED1420;
			remoteInfo = SensorReader;
		};
/* End PBXContainerItemProxy section */

/* Begin PBXCopyFilesBuildPhase section */
		18206F20293CC17700ED1420 /* Embed Frameworks */ = {
			isa = PBXCopyFilesBuildPhase;
			buildActionMask = 2147483647;
			dstPath = "";
			dstSubfolderSpec = 10;
			files = (
			);
			name = "Embed Frameworks";
			runOnlyForDeploymentPostprocessing = 0;
		};
/* End PBXCopyFilesBuildPhase section */

/* Begin PBXFileReference section */
		18206EEF293CC13A00ED1420 /* SensorReader.app */ = {isa = PBXFileReference; explicitFileType = wrapper.application; includeInIndex = 0; path = SensorReader.app; sourceTree = BUILT_PRODUCTS_DIR; };
		18206EF2293CC13A00ED1420 /* SensorReaderApp.swift */ = {isa = PBXFileReference; lastKnownFileType = sourcecode.swift; path = SensorReaderApp.swift; sourceTree = "<group>"; };
		18206EF6293CC13B00ED1420 /* Assets.xcassets */ = {isa = PBXFileReference; lastKnownFileType = folder.assetcatalog; path = Assets.xcassets; sourceTree = "<group>"; };
		18206EF8293CC13B00ED1420 /* SensorReader.entitlements */ = {isa = PBXFileReference; lastKnownFileType = text.plist.entitlements; path = SensorReader.entitlements; sourceTree = "<group>"; };
		18206EFA293CC13B00ED1420 /* Preview Assets.xcassets */ = {isa = PBXFileReference; lastKnownFileType = folder.assetcatalog; path = "Preview Assets.xcassets"; sourceTree = "<group>"; };
		18206F2A293CF59600ED1420 /* ReadingsList.swift */ = {isa = PBXFileReference; lastKnownFileType = sourcecode.swift; path = ReadingsList.swift; sourceTree = "<group>"; };
		18206F2C293D15F500ED1420 /* HomeView.swift */ = {isa = PBXFileReference; lastKnownFileType = sourcecode.swift; path = HomeView.swift; sourceTree = "<group>"; };
		18206F2E293D1E7200ED1420 /* DashboardView.swift */ = {isa = PBXFileReference; lastKnownFileType = sourcecode.swift; path = DashboardView.swift; sourceTree = "<group>"; };
		1837EBFA294369BD0045CC4E /* DashboardViewModel.swift */ = {isa = PBXFileReference; lastKnownFileType = sourcecode.swift; path = DashboardViewModel.swift; sourceTree = "<group>"; };
		1837EBFD29436BA00045CC4E /* Preview+Mocks.swift */ = {isa = PBXFileReference; lastKnownFileType = sourcecode.swift; path = "Preview+Mocks.swift"; sourceTree = "<group>"; };
		1837EBFF29439DD30045CC4E /* ViewModelState.swift */ = {isa = PBXFileReference; lastKnownFileType = sourcecode.swift; path = ViewModelState.swift; sourceTree = "<group>"; };
		1837EC0129439E1A0045CC4E /* ReadingModel.swift */ = {isa = PBXFileReference; lastKnownFileType = sourcecode.swift; path = ReadingModel.swift; sourceTree = "<group>"; };
		1837EC04294461110045CC4E /* FavoritesProviding.swift */ = {isa = PBXFileReference; lastKnownFileType = sourcecode.swift; path = FavoritesProviding.swift; sourceTree = "<group>"; };
		1837EC08294461850045CC4E /* FavoritesUseCaseTests.swift */ = {isa = PBXFileReference; lastKnownFileType = sourcecode.swift; path = FavoritesUseCaseTests.swift; sourceTree = "<group>"; };
		1837EC0A294465670045CC4E /* MockPersistenceStore.swift */ = {isa = PBXFileReference; lastKnownFileType = sourcecode.swift; path = MockPersistenceStore.swift; sourceTree = "<group>"; };
		1837EC0C2945C1170045CC4E /* FavoritesUseCase.swift */ = {isa = PBXFileReference; lastKnownFileType = sourcecode.swift; path = FavoritesUseCase.swift; sourceTree = "<group>"; };
		1865AC96295F7522004BF767 /* ReadingsListcell.swift */ = {isa = PBXFileReference; lastKnownFileType = sourcecode.swift; path = ReadingsListcell.swift; sourceTree = "<group>"; };
		1865ACB4296858BC004BF767 /* CompositionRoot.swift */ = {isa = PBXFileReference; lastKnownFileType = sourcecode.swift; path = CompositionRoot.swift; sourceTree = "<group>"; };
		1865ACB629685CDC004BF767 /* SettingsView.swift */ = {isa = PBXFileReference; lastKnownFileType = sourcecode.swift; path = SettingsView.swift; sourceTree = "<group>"; };
		1865ACB829685DCF004BF767 /* SettingsViewModel.swift */ = {isa = PBXFileReference; lastKnownFileType = sourcecode.swift; path = SettingsViewModel.swift; sourceTree = "<group>"; };
		186C774E29473FA00076AE14 /* Recorder.swift */ = {isa = PBXFileReference; lastKnownFileType = sourcecode.swift; path = Recorder.swift; sourceTree = "<group>"; };
		18733FB629704BA800ECF800 /* SensorReaderKit */ = {isa = PBXFileReference; lastKnownFileType = wrapper; path = SensorReaderKit; sourceTree = "<group>"; };
		187F4C90294259AC00F585B1 /* ReadingProviding.swift */ = {isa = PBXFileReference; lastKnownFileType = sourcecode.swift; path = ReadingProviding.swift; sourceTree = "<group>"; };
		187F4C9329425E3D00F585B1 /* ReadingsListViewModel.swift */ = {isa = PBXFileReference; lastKnownFileType = sourcecode.swift; path = ReadingsListViewModel.swift; sourceTree = "<group>"; };
		18C1F8B52942420400ACCF4B /* ReadingsUseCase.swift */ = {isa = PBXFileReference; lastKnownFileType = sourcecode.swift; path = ReadingsUseCase.swift; sourceTree = "<group>"; };
		18C1F8BB29424B0100ACCF4B /* SensorReaderTests.xctest */ = {isa = PBXFileReference; explicitFileType = wrapper.cfbundle; includeInIndex = 0; path = SensorReaderTests.xctest; sourceTree = BUILT_PRODUCTS_DIR; };
		18C1F8C429424B2300ACCF4B /* ReadingsUseCaseTests.swift */ = {isa = PBXFileReference; lastKnownFileType = sourcecode.swift; path = ReadingsUseCaseTests.swift; sourceTree = "<group>"; };
		18C1F8C729424B5200ACCF4B /* MockSensorReader.swift */ = {isa = PBXFileReference; lastKnownFileType = sourcecode.swift; path = MockSensorReader.swift; sourceTree = "<group>"; };
		18CD7F68295D871500DEE5E8 /* UserDefaultsStore.swift */ = {isa = PBXFileReference; lastKnownFileType = sourcecode.swift; path = UserDefaultsStore.swift; sourceTree = "<group>"; };
		18CD7F6A295DFBA400DEE5E8 /* ReadingModelTests.swift */ = {isa = PBXFileReference; lastKnownFileType = sourcecode.swift; path = ReadingModelTests.swift; sourceTree = "<group>"; };
/* End PBXFileReference section */

/* Begin PBXFrameworksBuildPhase section */
		18206EEC293CC13A00ED1420 /* Frameworks */ = {
			isa = PBXFrameworksBuildPhase;
			buildActionMask = 2147483647;
			files = (
				18733FB929704C2900ECF800 /* SensorReaderKit in Frameworks */,
				181BD84D296EC97E00751EE8 /* CombineSchedulers in Frameworks */,
			);
			runOnlyForDeploymentPostprocessing = 0;
		};
		18C1F8B829424B0100ACCF4B /* Frameworks */ = {
			isa = PBXFrameworksBuildPhase;
			buildActionMask = 2147483647;
			files = (
			);
			runOnlyForDeploymentPostprocessing = 0;
		};
/* End PBXFrameworksBuildPhase section */

/* Begin PBXGroup section */
		18206EE6293CC13A00ED1420 = {
			isa = PBXGroup;
			children = (
				18733FB629704BA800ECF800 /* SensorReaderKit */,
				18206EF0293CC13A00ED1420 /* Products */,
				18206EF1293CC13A00ED1420 /* SensorReader */,
				18C1F8BC29424B0100ACCF4B /* SensorReaderTests */,
				18733FB729704C2900ECF800 /* Frameworks */,
			);
			sourceTree = "<group>";
		};
		18206EF0293CC13A00ED1420 /* Products */ = {
			isa = PBXGroup;
			children = (
				18206EEF293CC13A00ED1420 /* SensorReader.app */,
				18C1F8BB29424B0100ACCF4B /* SensorReaderTests.xctest */,
			);
			name = Products;
			sourceTree = "<group>";
		};
		18206EF1293CC13A00ED1420 /* SensorReader */ = {
			isa = PBXGroup;
			children = (
				1865ACB3296858AB004BF767 /* Composition */,
				1837EC032943A3370045CC4E /* FavoritesStore */,
				18206EF6293CC13B00ED1420 /* Assets.xcassets */,
				1837EBFC29436B920045CC4E /* Common */,
				1837EBF9294369AA0045CC4E /* Dashboard */,
				18206F2C293D15F500ED1420 /* HomeView.swift */,
				18206EF9293CC13B00ED1420 /* Preview Content */,
				187F4C9229425E1E00F585B1 /* ReadingsList */,
				18C1F8B4294241B500ACCF4B /* ReadingsStore */,
				18206EF8293CC13B00ED1420 /* SensorReader.entitlements */,
				18206EF2293CC13A00ED1420 /* SensorReaderApp.swift */,
			);
			path = SensorReader;
			sourceTree = "<group>";
		};
		18206EF9293CC13B00ED1420 /* Preview Content */ = {
			isa = PBXGroup;
			children = (
				1837EBFD29436BA00045CC4E /* Preview+Mocks.swift */,
				18206EFA293CC13B00ED1420 /* Preview Assets.xcassets */,
			);
			path = "Preview Content";
			sourceTree = "<group>";
		};
		1837EBF9294369AA0045CC4E /* Dashboard */ = {
			isa = PBXGroup;
			children = (
				18206F2E293D1E7200ED1420 /* DashboardView.swift */,
				1837EBFA294369BD0045CC4E /* DashboardViewModel.swift */,
			);
			path = Dashboard;
			sourceTree = "<group>";
		};
		1837EBFC29436B920045CC4E /* Common */ = {
			isa = PBXGroup;
			children = (
				1837EBFF29439DD30045CC4E /* ViewModelState.swift */,
				1837EC0129439E1A0045CC4E /* ReadingModel.swift */,
			);
			path = Common;
			sourceTree = "<group>";
		};
		1837EC032943A3370045CC4E /* FavoritesStore */ = {
			isa = PBXGroup;
			children = (
				1837EC04294461110045CC4E /* FavoritesProviding.swift */,
				1837EC0C2945C1170045CC4E /* FavoritesUseCase.swift */,
				18CD7F68295D871500DEE5E8 /* UserDefaultsStore.swift */,
			);
			path = FavoritesStore;
			sourceTree = "<group>";
		};
		1865ACB3296858AB004BF767 /* Composition */ = {
			isa = PBXGroup;
			children = (
				1865ACB4296858BC004BF767 /* CompositionRoot.swift */,
				1865ACB829685DCF004BF767 /* SettingsViewModel.swift */,
				1865ACB629685CDC004BF767 /* SettingsView.swift */,
			);
			path = Composition;
			sourceTree = "<group>";
		};
		18733FB729704C2900ECF800 /* Frameworks */ = {
			isa = PBXGroup;
			children = (
			);
			name = Frameworks;
			sourceTree = "<group>";
		};
		187F4C9229425E1E00F585B1 /* ReadingsList */ = {
			isa = PBXGroup;
			children = (
				18206F2A293CF59600ED1420 /* ReadingsList.swift */,
				1865AC96295F7522004BF767 /* ReadingsListcell.swift */,
				187F4C9329425E3D00F585B1 /* ReadingsListViewModel.swift */,
			);
			path = ReadingsList;
			sourceTree = "<group>";
		};
		18C1F8B4294241B500ACCF4B /* ReadingsStore */ = {
			isa = PBXGroup;
			children = (
				18C1F8B52942420400ACCF4B /* ReadingsUseCase.swift */,
				187F4C90294259AC00F585B1 /* ReadingProviding.swift */,
			);
			path = ReadingsStore;
			sourceTree = "<group>";
		};
		18C1F8BC29424B0100ACCF4B /* SensorReaderTests */ = {
			isa = PBXGroup;
			children = (
				18C1F8C429424B2300ACCF4B /* ReadingsUseCaseTests.swift */,
				18CD7F6A295DFBA400DEE5E8 /* ReadingModelTests.swift */,
				1837EC08294461850045CC4E /* FavoritesUseCaseTests.swift */,
				18C1F8C629424B4000ACCF4B /* Utilities */,
			);
			path = SensorReaderTests;
			sourceTree = "<group>";
		};
		18C1F8C629424B4000ACCF4B /* Utilities */ = {
			isa = PBXGroup;
			children = (
				18C1F8C729424B5200ACCF4B /* MockSensorReader.swift */,
				186C774E29473FA00076AE14 /* Recorder.swift */,
				1837EC0A294465670045CC4E /* MockPersistenceStore.swift */,
			);
			path = Utilities;
			sourceTree = "<group>";
		};
/* End PBXGroup section */

/* Begin PBXNativeTarget section */
		18206EEE293CC13A00ED1420 /* SensorReader */ = {
			isa = PBXNativeTarget;
			buildConfigurationList = 18206EFE293CC13B00ED1420 /* Build configuration list for PBXNativeTarget "SensorReader" */;
			buildPhases = (
				18206EEB293CC13A00ED1420 /* Sources */,
				18206EEC293CC13A00ED1420 /* Frameworks */,
				18206EED293CC13A00ED1420 /* Resources */,
				18206F20293CC17700ED1420 /* Embed Frameworks */,
			);
			buildRules = (
			);
			dependencies = (
			);
			name = SensorReader;
			packageProductDependencies = (
				181BD84C296EC97E00751EE8 /* CombineSchedulers */,
				18733FB829704C2900ECF800 /* SensorReaderKit */,
			);
			productName = SensorReader;
			productReference = 18206EEF293CC13A00ED1420 /* SensorReader.app */;
			productType = "com.apple.product-type.application";
		};
		18C1F8BA29424B0100ACCF4B /* SensorReaderTests */ = {
			isa = PBXNativeTarget;
			buildConfigurationList = 18C1F8C129424B0100ACCF4B /* Build configuration list for PBXNativeTarget "SensorReaderTests" */;
			buildPhases = (
				18C1F8B729424B0100ACCF4B /* Sources */,
				18C1F8B829424B0100ACCF4B /* Frameworks */,
				18C1F8B929424B0100ACCF4B /* Resources */,
			);
			buildRules = (
			);
			dependencies = (
				18C1F8C029424B0100ACCF4B /* PBXTargetDependency */,
			);
			name = SensorReaderTests;
			productName = SensorReaderTests;
			productReference = 18C1F8BB29424B0100ACCF4B /* SensorReaderTests.xctest */;
			productType = "com.apple.product-type.bundle.unit-test";
		};
/* End PBXNativeTarget section */

/* Begin PBXProject section */
		18206EE7293CC13A00ED1420 /* Project object */ = {
			isa = PBXProject;
			attributes = {
				BuildIndependentTargetsInParallel = 1;
				LastSwiftUpdateCheck = 1410;
				LastUpgradeCheck = 1410;
				TargetAttributes = {
					18206EEE293CC13A00ED1420 = {
						CreatedOnToolsVersion = 14.1;
					};
					18C1F8BA29424B0100ACCF4B = {
						CreatedOnToolsVersion = 14.1;
						TestTargetID = 18206EEE293CC13A00ED1420;
					};
				};
			};
			buildConfigurationList = 18206EEA293CC13A00ED1420 /* Build configuration list for PBXProject "SensorReader" */;
			compatibilityVersion = "Xcode 14.0";
			developmentRegion = en;
			hasScannedForEncodings = 0;
			knownRegions = (
				en,
				Base,
			);
			mainGroup = 18206EE6293CC13A00ED1420;
			packageReferences = (
				181BD84B296EC97E00751EE8 /* XCRemoteSwiftPackageReference "combine-schedulers" */,
			);
			productRefGroup = 18206EF0293CC13A00ED1420 /* Products */;
			projectDirPath = "";
			projectRoot = "";
			targets = (
				18206EEE293CC13A00ED1420 /* SensorReader */,
				18C1F8BA29424B0100ACCF4B /* SensorReaderTests */,
			);
		};
/* End PBXProject section */

/* Begin PBXResourcesBuildPhase section */
		18206EED293CC13A00ED1420 /* Resources */ = {
			isa = PBXResourcesBuildPhase;
			buildActionMask = 2147483647;
			files = (
				18206EFB293CC13B00ED1420 /* Preview Assets.xcassets in Resources */,
				18206EF7293CC13B00ED1420 /* Assets.xcassets in Resources */,
			);
			runOnlyForDeploymentPostprocessing = 0;
		};
		18C1F8B929424B0100ACCF4B /* Resources */ = {
			isa = PBXResourcesBuildPhase;
			buildActionMask = 2147483647;
			files = (
			);
			runOnlyForDeploymentPostprocessing = 0;
		};
/* End PBXResourcesBuildPhase section */

/* Begin PBXSourcesBuildPhase section */
		18206EEB293CC13A00ED1420 /* Sources */ = {
			isa = PBXSourcesBuildPhase;
			buildActionMask = 2147483647;
			files = (
				1837EC0029439DD30045CC4E /* ViewModelState.swift in Sources */,
				1837EC0229439E1A0045CC4E /* ReadingModel.swift in Sources */,
				18CD7F69295D871500DEE5E8 /* UserDefaultsStore.swift in Sources */,
				18206F2D293D15F500ED1420 /* HomeView.swift in Sources */,
				187F4C91294259AC00F585B1 /* ReadingProviding.swift in Sources */,
				1865ACB729685CDC004BF767 /* SettingsView.swift in Sources */,
				1837EC0D2945C1170045CC4E /* FavoritesUseCase.swift in Sources */,
				187F4C9429425E3D00F585B1 /* ReadingsListViewModel.swift in Sources */,
				18C1F8B62942420400ACCF4B /* ReadingsUseCase.swift in Sources */,
				1865ACB5296858BC004BF767 /* CompositionRoot.swift in Sources */,
				18206F2F293D1E7200ED1420 /* DashboardView.swift in Sources */,
				18206F2B293CF59600ED1420 /* ReadingsList.swift in Sources */,
				1837EC05294461110045CC4E /* FavoritesProviding.swift in Sources */,
				18206EF3293CC13A00ED1420 /* SensorReaderApp.swift in Sources */,
				1837EBFB294369BD0045CC4E /* DashboardViewModel.swift in Sources */,
				1865AC97295F7522004BF767 /* ReadingsListcell.swift in Sources */,
				1837EBFE29436BA00045CC4E /* Preview+Mocks.swift in Sources */,
				1865ACB929685DCF004BF767 /* SettingsViewModel.swift in Sources */,
			);
			runOnlyForDeploymentPostprocessing = 0;
		};
		18C1F8B729424B0100ACCF4B /* Sources */ = {
			isa = PBXSourcesBuildPhase;
			buildActionMask = 2147483647;
			files = (
				18CD7F6B295DFBA400DEE5E8 /* ReadingModelTests.swift in Sources */,
				186C774F29473FA00076AE14 /* Recorder.swift in Sources */,
				18C1F8C829424B5200ACCF4B /* MockSensorReader.swift in Sources */,
				1837EC0B294465670045CC4E /* MockPersistenceStore.swift in Sources */,
				18C1F8C529424B2300ACCF4B /* ReadingsUseCaseTests.swift in Sources */,
				1837EC09294461850045CC4E /* FavoritesUseCaseTests.swift in Sources */,
			);
			runOnlyForDeploymentPostprocessing = 0;
		};
/* End PBXSourcesBuildPhase section */

/* Begin PBXTargetDependency section */
		18C1F8C029424B0100ACCF4B /* PBXTargetDependency */ = {
			isa = PBXTargetDependency;
			target = 18206EEE293CC13A00ED1420 /* SensorReader */;
			targetProxy = 18C1F8BF29424B0100ACCF4B /* PBXContainerItemProxy */;
		};
/* End PBXTargetDependency section */

/* Begin XCBuildConfiguration section */
		18206EFC293CC13B00ED1420 /* Debug */ = {
			isa = XCBuildConfiguration;
			buildSettings = {
				ALWAYS_SEARCH_USER_PATHS = NO;
				CLANG_ANALYZER_NONNULL = YES;
				CLANG_ANALYZER_NUMBER_OBJECT_CONVERSION = YES_AGGRESSIVE;
				CLANG_CXX_LANGUAGE_STANDARD = "gnu++20";
				CLANG_ENABLE_MODULES = YES;
				CLANG_ENABLE_OBJC_ARC = YES;
				CLANG_ENABLE_OBJC_WEAK = YES;
				CLANG_WARN_BLOCK_CAPTURE_AUTORELEASING = YES;
				CLANG_WARN_BOOL_CONVERSION = YES;
				CLANG_WARN_COMMA = YES;
				CLANG_WARN_CONSTANT_CONVERSION = YES;
				CLANG_WARN_DEPRECATED_OBJC_IMPLEMENTATIONS = YES;
				CLANG_WARN_DIRECT_OBJC_ISA_USAGE = YES_ERROR;
				CLANG_WARN_DOCUMENTATION_COMMENTS = YES;
				CLANG_WARN_EMPTY_BODY = YES;
				CLANG_WARN_ENUM_CONVERSION = YES;
				CLANG_WARN_INFINITE_RECURSION = YES;
				CLANG_WARN_INT_CONVERSION = YES;
				CLANG_WARN_NON_LITERAL_NULL_CONVERSION = YES;
				CLANG_WARN_OBJC_IMPLICIT_RETAIN_SELF = YES;
				CLANG_WARN_OBJC_LITERAL_CONVERSION = YES;
				CLANG_WARN_OBJC_ROOT_CLASS = YES_ERROR;
				CLANG_WARN_QUOTED_INCLUDE_IN_FRAMEWORK_HEADER = YES;
				CLANG_WARN_RANGE_LOOP_ANALYSIS = YES;
				CLANG_WARN_STRICT_PROTOTYPES = YES;
				CLANG_WARN_SUSPICIOUS_MOVE = YES;
				CLANG_WARN_UNGUARDED_AVAILABILITY = YES_AGGRESSIVE;
				CLANG_WARN_UNREACHABLE_CODE = YES;
				CLANG_WARN__DUPLICATE_METHOD_MATCH = YES;
				COPY_PHASE_STRIP = NO;
				DEBUG_INFORMATION_FORMAT = dwarf;
				ENABLE_STRICT_OBJC_MSGSEND = YES;
				ENABLE_TESTABILITY = YES;
				GCC_C_LANGUAGE_STANDARD = gnu11;
				GCC_DYNAMIC_NO_PIC = NO;
				GCC_NO_COMMON_BLOCKS = YES;
				GCC_OPTIMIZATION_LEVEL = 0;
				GCC_PREPROCESSOR_DEFINITIONS = (
					"DEBUG=1",
					"$(inherited)",
				);
				GCC_WARN_64_TO_32_BIT_CONVERSION = YES;
				GCC_WARN_ABOUT_RETURN_TYPE = YES_ERROR;
				GCC_WARN_UNDECLARED_SELECTOR = YES;
				GCC_WARN_UNINITIALIZED_AUTOS = YES_AGGRESSIVE;
				GCC_WARN_UNUSED_FUNCTION = YES;
				GCC_WARN_UNUSED_VARIABLE = YES;
				MTL_ENABLE_DEBUG_INFO = INCLUDE_SOURCE;
				MTL_FAST_MATH = YES;
				ONLY_ACTIVE_ARCH = YES;
				SWIFT_ACTIVE_COMPILATION_CONDITIONS = DEBUG;
				SWIFT_OPTIMIZATION_LEVEL = "-Onone";
			};
			name = Debug;
		};
		18206EFD293CC13B00ED1420 /* Release */ = {
			isa = XCBuildConfiguration;
			buildSettings = {
				ALWAYS_SEARCH_USER_PATHS = NO;
				CLANG_ANALYZER_NONNULL = YES;
				CLANG_ANALYZER_NUMBER_OBJECT_CONVERSION = YES_AGGRESSIVE;
				CLANG_CXX_LANGUAGE_STANDARD = "gnu++20";
				CLANG_ENABLE_MODULES = YES;
				CLANG_ENABLE_OBJC_ARC = YES;
				CLANG_ENABLE_OBJC_WEAK = YES;
				CLANG_WARN_BLOCK_CAPTURE_AUTORELEASING = YES;
				CLANG_WARN_BOOL_CONVERSION = YES;
				CLANG_WARN_COMMA = YES;
				CLANG_WARN_CONSTANT_CONVERSION = YES;
				CLANG_WARN_DEPRECATED_OBJC_IMPLEMENTATIONS = YES;
				CLANG_WARN_DIRECT_OBJC_ISA_USAGE = YES_ERROR;
				CLANG_WARN_DOCUMENTATION_COMMENTS = YES;
				CLANG_WARN_EMPTY_BODY = YES;
				CLANG_WARN_ENUM_CONVERSION = YES;
				CLANG_WARN_INFINITE_RECURSION = YES;
				CLANG_WARN_INT_CONVERSION = YES;
				CLANG_WARN_NON_LITERAL_NULL_CONVERSION = YES;
				CLANG_WARN_OBJC_IMPLICIT_RETAIN_SELF = YES;
				CLANG_WARN_OBJC_LITERAL_CONVERSION = YES;
				CLANG_WARN_OBJC_ROOT_CLASS = YES_ERROR;
				CLANG_WARN_QUOTED_INCLUDE_IN_FRAMEWORK_HEADER = YES;
				CLANG_WARN_RANGE_LOOP_ANALYSIS = YES;
				CLANG_WARN_STRICT_PROTOTYPES = YES;
				CLANG_WARN_SUSPICIOUS_MOVE = YES;
				CLANG_WARN_UNGUARDED_AVAILABILITY = YES_AGGRESSIVE;
				CLANG_WARN_UNREACHABLE_CODE = YES;
				CLANG_WARN__DUPLICATE_METHOD_MATCH = YES;
				COPY_PHASE_STRIP = NO;
				DEBUG_INFORMATION_FORMAT = "dwarf-with-dsym";
				ENABLE_NS_ASSERTIONS = NO;
				ENABLE_STRICT_OBJC_MSGSEND = YES;
				GCC_C_LANGUAGE_STANDARD = gnu11;
				GCC_NO_COMMON_BLOCKS = YES;
				GCC_WARN_64_TO_32_BIT_CONVERSION = YES;
				GCC_WARN_ABOUT_RETURN_TYPE = YES_ERROR;
				GCC_WARN_UNDECLARED_SELECTOR = YES;
				GCC_WARN_UNINITIALIZED_AUTOS = YES_AGGRESSIVE;
				GCC_WARN_UNUSED_FUNCTION = YES;
				GCC_WARN_UNUSED_VARIABLE = YES;
				MTL_ENABLE_DEBUG_INFO = NO;
				MTL_FAST_MATH = YES;
				SWIFT_COMPILATION_MODE = wholemodule;
				SWIFT_OPTIMIZATION_LEVEL = "-O";
			};
			name = Release;
		};
		18206EFF293CC13B00ED1420 /* Debug */ = {
			isa = XCBuildConfiguration;
			buildSettings = {
				ALWAYS_EMBED_SWIFT_STANDARD_LIBRARIES = YES;
				ASSETCATALOG_COMPILER_APPICON_NAME = AppIcon;
				ASSETCATALOG_COMPILER_GLOBAL_ACCENT_COLOR_NAME = AccentColor;
				CODE_SIGN_ENTITLEMENTS = SensorReader/SensorReader.entitlements;
				CODE_SIGN_STYLE = Automatic;
				CURRENT_PROJECT_VERSION = 1;
				DEVELOPMENT_ASSET_PATHS = "\"SensorReader/Preview Content\"";
				DEVELOPMENT_TEAM = S3SKQLLP98;
				ENABLE_PREVIEWS = YES;
				GENERATE_INFOPLIST_FILE = YES;
				"INFOPLIST_KEY_UIApplicationSceneManifest_Generation[sdk=iphoneos*]" = YES;
				"INFOPLIST_KEY_UIApplicationSceneManifest_Generation[sdk=iphonesimulator*]" = YES;
				"INFOPLIST_KEY_UIApplicationSupportsIndirectInputEvents[sdk=iphoneos*]" = YES;
				"INFOPLIST_KEY_UIApplicationSupportsIndirectInputEvents[sdk=iphonesimulator*]" = YES;
				"INFOPLIST_KEY_UILaunchScreen_Generation[sdk=iphoneos*]" = YES;
				"INFOPLIST_KEY_UILaunchScreen_Generation[sdk=iphonesimulator*]" = YES;
				"INFOPLIST_KEY_UIStatusBarStyle[sdk=iphoneos*]" = UIStatusBarStyleDefault;
				"INFOPLIST_KEY_UIStatusBarStyle[sdk=iphonesimulator*]" = UIStatusBarStyleDefault;
				INFOPLIST_KEY_UISupportedInterfaceOrientations_iPad = "UIInterfaceOrientationPortrait UIInterfaceOrientationPortraitUpsideDown UIInterfaceOrientationLandscapeLeft UIInterfaceOrientationLandscapeRight";
				INFOPLIST_KEY_UISupportedInterfaceOrientations_iPhone = "UIInterfaceOrientationPortrait UIInterfaceOrientationLandscapeLeft UIInterfaceOrientationLandscapeRight";
				IPHONEOS_DEPLOYMENT_TARGET = 15.0;
				LD_RUNPATH_SEARCH_PATHS = "@executable_path/Frameworks";
				"LD_RUNPATH_SEARCH_PATHS[sdk=macosx*]" = "@executable_path/../Frameworks";
				MACOSX_DEPLOYMENT_TARGET = 12.6;
				MARKETING_VERSION = 1.0;
				PRODUCT_BUNDLE_IDENTIFIER = net.tadel.SensorReader;
				PRODUCT_NAME = "$(TARGET_NAME)";
				SDKROOT = auto;
				SUPPORTED_PLATFORMS = "iphoneos iphonesimulator";
				SUPPORTS_MACCATALYST = NO;
				SUPPORTS_MAC_DESIGNED_FOR_IPHONE_IPAD = YES;
				SWIFT_EMIT_LOC_STRINGS = YES;
				SWIFT_STRICT_CONCURRENCY = complete;
				SWIFT_VERSION = 5.0;
				TARGETED_DEVICE_FAMILY = "1,2";
			};
			name = Debug;
		};
		18206F00293CC13B00ED1420 /* Release */ = {
			isa = XCBuildConfiguration;
			buildSettings = {
				ALWAYS_EMBED_SWIFT_STANDARD_LIBRARIES = YES;
				ASSETCATALOG_COMPILER_APPICON_NAME = AppIcon;
				ASSETCATALOG_COMPILER_GLOBAL_ACCENT_COLOR_NAME = AccentColor;
				CODE_SIGN_ENTITLEMENTS = SensorReader/SensorReader.entitlements;
				CODE_SIGN_STYLE = Automatic;
				CURRENT_PROJECT_VERSION = 1;
				DEVELOPMENT_ASSET_PATHS = "\"SensorReader/Preview Content\"";
				DEVELOPMENT_TEAM = S3SKQLLP98;
				ENABLE_PREVIEWS = YES;
				GENERATE_INFOPLIST_FILE = YES;
				"INFOPLIST_KEY_UIApplicationSceneManifest_Generation[sdk=iphoneos*]" = YES;
				"INFOPLIST_KEY_UIApplicationSceneManifest_Generation[sdk=iphonesimulator*]" = YES;
				"INFOPLIST_KEY_UIApplicationSupportsIndirectInputEvents[sdk=iphoneos*]" = YES;
				"INFOPLIST_KEY_UIApplicationSupportsIndirectInputEvents[sdk=iphonesimulator*]" = YES;
				"INFOPLIST_KEY_UILaunchScreen_Generation[sdk=iphoneos*]" = YES;
				"INFOPLIST_KEY_UILaunchScreen_Generation[sdk=iphonesimulator*]" = YES;
				"INFOPLIST_KEY_UIStatusBarStyle[sdk=iphoneos*]" = UIStatusBarStyleDefault;
				"INFOPLIST_KEY_UIStatusBarStyle[sdk=iphonesimulator*]" = UIStatusBarStyleDefault;
				INFOPLIST_KEY_UISupportedInterfaceOrientations_iPad = "UIInterfaceOrientationPortrait UIInterfaceOrientationPortraitUpsideDown UIInterfaceOrientationLandscapeLeft UIInterfaceOrientationLandscapeRight";
				INFOPLIST_KEY_UISupportedInterfaceOrientations_iPhone = "UIInterfaceOrientationPortrait UIInterfaceOrientationLandscapeLeft UIInterfaceOrientationLandscapeRight";
				IPHONEOS_DEPLOYMENT_TARGET = 15.0;
				LD_RUNPATH_SEARCH_PATHS = "@executable_path/Frameworks";
				"LD_RUNPATH_SEARCH_PATHS[sdk=macosx*]" = "@executable_path/../Frameworks";
				MACOSX_DEPLOYMENT_TARGET = 12.6;
				MARKETING_VERSION = 1.0;
				PRODUCT_BUNDLE_IDENTIFIER = net.tadel.SensorReader;
				PRODUCT_NAME = "$(TARGET_NAME)";
				SDKROOT = auto;
				SUPPORTED_PLATFORMS = "iphoneos iphonesimulator";
				SUPPORTS_MACCATALYST = NO;
				SUPPORTS_MAC_DESIGNED_FOR_IPHONE_IPAD = YES;
				SWIFT_EMIT_LOC_STRINGS = YES;
				SWIFT_STRICT_CONCURRENCY = complete;
				SWIFT_VERSION = 5.0;
				TARGETED_DEVICE_FAMILY = "1,2";
			};
			name = Release;
		};
		18C1F8C229424B0100ACCF4B /* Debug */ = {
			isa = XCBuildConfiguration;
			buildSettings = {
				BUNDLE_LOADER = "$(TEST_HOST)";
				CODE_SIGN_STYLE = Automatic;
				CURRENT_PROJECT_VERSION = 1;
				GENERATE_INFOPLIST_FILE = YES;
				IPHONEOS_DEPLOYMENT_TARGET = 16.1;
				MARKETING_VERSION = 1.0;
				PRODUCT_BUNDLE_IDENTIFIER = net.tadel.SensorReaderTests;
				PRODUCT_NAME = "$(TARGET_NAME)";
				SDKROOT = iphoneos;
				SWIFT_EMIT_LOC_STRINGS = NO;
				SWIFT_VERSION = 5.0;
				TARGETED_DEVICE_FAMILY = "1,2";
				TEST_HOST = "$(BUILT_PRODUCTS_DIR)/SensorReader.app/$(BUNDLE_EXECUTABLE_FOLDER_PATH)/SensorReader";
			};
			name = Debug;
		};
		18C1F8C329424B0100ACCF4B /* Release */ = {
			isa = XCBuildConfiguration;
			buildSettings = {
				BUNDLE_LOADER = "$(TEST_HOST)";
				CODE_SIGN_STYLE = Automatic;
				CURRENT_PROJECT_VERSION = 1;
				GENERATE_INFOPLIST_FILE = YES;
				IPHONEOS_DEPLOYMENT_TARGET = 16.1;
				MARKETING_VERSION = 1.0;
				PRODUCT_BUNDLE_IDENTIFIER = net.tadel.SensorReaderTests;
				PRODUCT_NAME = "$(TARGET_NAME)";
				SDKROOT = iphoneos;
				SWIFT_EMIT_LOC_STRINGS = NO;
				SWIFT_VERSION = 5.0;
				TARGETED_DEVICE_FAMILY = "1,2";
				TEST_HOST = "$(BUILT_PRODUCTS_DIR)/SensorReader.app/$(BUNDLE_EXECUTABLE_FOLDER_PATH)/SensorReader";
				VALIDATE_PRODUCT = YES;
			};
			name = Release;
		};
/* End XCBuildConfiguration section */

/* Begin XCConfigurationList section */
		18206EEA293CC13A00ED1420 /* Build configuration list for PBXProject "SensorReader" */ = {
			isa = XCConfigurationList;
			buildConfigurations = (
				18206EFC293CC13B00ED1420 /* Debug */,
				18206EFD293CC13B00ED1420 /* Release */,
			);
			defaultConfigurationIsVisible = 0;
			defaultConfigurationName = Release;
		};
		18206EFE293CC13B00ED1420 /* Build configuration list for PBXNativeTarget "SensorReader" */ = {
			isa = XCConfigurationList;
			buildConfigurations = (
				18206EFF293CC13B00ED1420 /* Debug */,
				18206F00293CC13B00ED1420 /* Release */,
			);
			defaultConfigurationIsVisible = 0;
			defaultConfigurationName = Release;
		};
		18C1F8C129424B0100ACCF4B /* Build configuration list for PBXNativeTarget "SensorReaderTests" */ = {
			isa = XCConfigurationList;
			buildConfigurations = (
				18C1F8C229424B0100ACCF4B /* Debug */,
				18C1F8C329424B0100ACCF4B /* Release */,
			);
			defaultConfigurationIsVisible = 0;
			defaultConfigurationName = Release;
		};
/* End XCConfigurationList section */

/* Begin XCRemoteSwiftPackageReference section */
		181BD84B296EC97E00751EE8 /* XCRemoteSwiftPackageReference "combine-schedulers" */ = {
			isa = XCRemoteSwiftPackageReference;
			repositoryURL = "https://github.com/pointfreeco/combine-schedulers";
			requirement = {
				kind = upToNextMajorVersion;
				minimumVersion = 0.9.1;
			};
		};
/* End XCRemoteSwiftPackageReference section */

/* Begin XCSwiftPackageProductDependency section */
		181BD84C296EC97E00751EE8 /* CombineSchedulers */ = {
			isa = XCSwiftPackageProductDependency;
			package = 181BD84B296EC97E00751EE8 /* XCRemoteSwiftPackageReference "combine-schedulers" */;
			productName = CombineSchedulers;
		};
		18733FB829704C2900ECF800 /* SensorReaderKit */ = {
			isa = XCSwiftPackageProductDependency;
			productName = SensorReaderKit;
		};
/* End XCSwiftPackageProductDependency section */
	};
	rootObject = 18206EE7293CC13A00ED1420 /* Project object */;
}
